
Microsoft Visual Studio Solution File, Format Version 12.00
# Visual Studio Version 16
VisualStudioVersion = 16.0.31205.134
MinimumVisualStudioVersion = 10.0.40219.1
Project("{FAE04EC0-301F-11D3-BF4B-00C04F79EFBC}") = "TallerMotos", "TallerMotos\TallerMotos.csproj", "{3C64766F-3600-426F-AE73-F9475DD2BC7C}"
EndProject
Global
	GlobalSection(SolutionConfigurationPlatforms) = preSolution
		Debug|Any CPU = Debug|Any CPU
		Release|Any CPU = Release|Any CPU
	EndGlobalSection
	GlobalSection(ProjectConfigurationPlatforms) = postSolution
		{3C64766F-3600-426F-AE73-F9475DD2BC7C}.Debug|Any CPU.ActiveCfg = Debug|Any CPU
		{3C64766F-3600-426F-AE73-F9475DD2BC7C}.Debug|Any CPU.Build.0 = Debug|Any CPU
		{3C64766F-3600-426F-AE73-F9475DD2BC7C}.Release|Any CPU.ActiveCfg = Release|Any CPU
		{3C64766F-3600-426F-AE73-F9475DD2BC7C}.Release|Any CPU.Build.0 = Release|Any CPU
	EndGlobalSection
	GlobalSection(SolutionProperties) = preSolution
		HideSolutionNode = FALSE
	EndGlobalSection
	GlobalSection(ExtensibilityGlobals) = postSolution
		SolutionGuid = {C7ADA66D-2B48-41BA-866A-A0CB2ACEE8D8}
	EndGlobalSection
EndGlobal
